
Microsoft Visual Studio Solution File, Format Version 12.00
# Visual Studio 14
VisualStudioVersion = 14.0.25123.0
MinimumVisualStudioVersion = 10.0.40219.1
Project("{FAE04EC0-301F-11D3-BF4B-00C04F79EFBC}") = "GPIO", "GPIO\GPIO.csproj", "{BFFFB4B4-D724-42FB-B7F5-5C32DD6925BD}"
EndProject
Project("{FAE04EC0-301F-11D3-BF4B-00C04F79EFBC}") = "FEZ HAT", "FEZ HAT\FEZ HAT.csproj", "{8FAA496B-FB78-4F27-905C-BF89892DC493}"
EndProject
Project("{FAE04EC0-301F-11D3-BF4B-00C04F79EFBC}") = "Sense HAT", "Sense HAT\Sense HAT.csproj", "{C8DE0CD3-0698-4E11-A9B3-4C9757D4231F}"
EndProject
Global
	GlobalSection(SolutionConfigurationPlatforms) = preSolution
		Debug|ARM = Debug|ARM
		Debug|x64 = Debug|x64
		Debug|x86 = Debug|x86
		Release|ARM = Release|ARM
		Release|x64 = Release|x64
		Release|x86 = Release|x86
	EndGlobalSection
	GlobalSection(ProjectConfigurationPlatforms) = postSolution
		{BFFFB4B4-D724-42FB-B7F5-5C32DD6925BD}.Debug|ARM.ActiveCfg = Debug|ARM
		{BFFFB4B4-D724-42FB-B7F5-5C32DD6925BD}.Debug|ARM.Build.0 = Debug|ARM
		{BFFFB4B4-D724-42FB-B7F5-5C32DD6925BD}.Debug|ARM.Deploy.0 = Debug|ARM
		{BFFFB4B4-D724-42FB-B7F5-5C32DD6925BD}.Debug|x64.ActiveCfg = Debug|x64
		{BFFFB4B4-D724-42FB-B7F5-5C32DD6925BD}.Debug|x64.Build.0 = Debug|x64
		{BFFFB4B4-D724-42FB-B7F5-5C32DD6925BD}.Debug|x64.Deploy.0 = Debug|x64
		{BFFFB4B4-D724-42FB-B7F5-5C32DD6925BD}.Debug|x86.ActiveCfg = Debug|x86
		{BFFFB4B4-D724-42FB-B7F5-5C32DD6925BD}.Debug|x86.Build.0 = Debug|x86
		{BFFFB4B4-D724-42FB-B7F5-5C32DD6925BD}.Debug|x86.Deploy.0 = Debug|x86
		{BFFFB4B4-D724-42FB-B7F5-5C32DD6925BD}.Release|ARM.ActiveCfg = Release|ARM
		{BFFFB4B4-D724-42FB-B7F5-5C32DD6925BD}.Release|ARM.Build.0 = Release|ARM
		{BFFFB4B4-D724-42FB-B7F5-5C32DD6925BD}.Release|ARM.Deploy.0 = Release|ARM
		{BFFFB4B4-D724-42FB-B7F5-5C32DD6925BD}.Release|x64.ActiveCfg = Release|x64
		{BFFFB4B4-D724-42FB-B7F5-5C32DD6925BD}.Release|x64.Build.0 = Release|x64
		{BFFFB4B4-D724-42FB-B7F5-5C32DD6925BD}.Release|x64.Deploy.0 = Release|x64
		{BFFFB4B4-D724-42FB-B7F5-5C32DD6925BD}.Release|x86.ActiveCfg = Release|x86
		{BFFFB4B4-D724-42FB-B7F5-5C32DD6925BD}.Release|x86.Build.0 = Release|x86
		{BFFFB4B4-D724-42FB-B7F5-5C32DD6925BD}.Release|x86.Deploy.0 = Release|x86
		{8FAA496B-FB78-4F27-905C-BF89892DC493}.Debug|ARM.ActiveCfg = Debug|ARM
		{8FAA496B-FB78-4F27-905C-BF89892DC493}.Debug|ARM.Build.0 = Debug|ARM
		{8FAA496B-FB78-4F27-905C-BF89892DC493}.Debug|ARM.Deploy.0 = Debug|ARM
		{8FAA496B-FB78-4F27-905C-BF89892DC493}.Debug|x64.ActiveCfg = Debug|x64
		{8FAA496B-FB78-4F27-905C-BF89892DC493}.Debug|x64.Build.0 = Debug|x64
		{8FAA496B-FB78-4F27-905C-BF89892DC493}.Debug|x64.Deploy.0 = Debug|x64
		{8FAA496B-FB78-4F27-905C-BF89892DC493}.Debug|x86.ActiveCfg = Debug|x86
		{8FAA496B-FB78-4F27-905C-BF89892DC493}.Debug|x86.Build.0 = Debug|x86
		{8FAA496B-FB78-4F27-905C-BF89892DC493}.Debug|x86.Deploy.0 = Debug|x86
		{8FAA496B-FB78-4F27-905C-BF89892DC493}.Release|ARM.ActiveCfg = Release|ARM
		{8FAA496B-FB78-4F27-905C-BF89892DC493}.Release|ARM.Build.0 = Release|ARM
		{8FAA496B-FB78-4F27-905C-BF89892DC493}.Release|ARM.Deploy.0 = Release|ARM
		{8FAA496B-FB78-4F27-905C-BF89892DC493}.Release|x64.ActiveCfg = Release|x64
		{8FAA496B-FB78-4F27-905C-BF89892DC493}.Release|x64.Build.0 = Release|x64
		{8FAA496B-FB78-4F27-905C-BF89892DC493}.Release|x64.Deploy.0 = Release|x64
		{8FAA496B-FB78-4F27-905C-BF89892DC493}.Release|x86.ActiveCfg = Release|x86
		{8FAA496B-FB78-4F27-905C-BF89892DC493}.Release|x86.Build.0 = Release|x86
		{8FAA496B-FB78-4F27-905C-BF89892DC493}.Release|x86.Deploy.0 = Release|x86
		{C8DE0CD3-0698-4E11-A9B3-4C9757D4231F}.Debug|ARM.ActiveCfg = Debug|ARM
		{C8DE0CD3-0698-4E11-A9B3-4C9757D4231F}.Debug|ARM.Build.0 = Debug|ARM
		{C8DE0CD3-0698-4E11-A9B3-4C9757D4231F}.Debug|ARM.Deploy.0 = Debug|ARM
		{C8DE0CD3-0698-4E11-A9B3-4C9757D4231F}.Debug|x64.ActiveCfg = Debug|x64
		{C8DE0CD3-0698-4E11-A9B3-4C9757D4231F}.Debug|x64.Build.0 = Debug|x64
		{C8DE0CD3-0698-4E11-A9B3-4C9757D4231F}.Debug|x64.Deploy.0 = Debug|x64
		{C8DE0CD3-0698-4E11-A9B3-4C9757D4231F}.Debug|x86.ActiveCfg = Debug|x86
		{C8DE0CD3-0698-4E11-A9B3-4C9757D4231F}.Debug|x86.Build.0 = Debug|x86
		{C8DE0CD3-0698-4E11-A9B3-4C9757D4231F}.Debug|x86.Deploy.0 = Debug|x86
		{C8DE0CD3-0698-4E11-A9B3-4C9757D4231F}.Release|ARM.ActiveCfg = Release|ARM
		{C8DE0CD3-0698-4E11-A9B3-4C9757D4231F}.Release|ARM.Build.0 = Release|ARM
		{C8DE0CD3-0698-4E11-A9B3-4C9757D4231F}.Release|ARM.Deploy.0 = Release|ARM
		{C8DE0CD3-0698-4E11-A9B3-4C9757D4231F}.Release|x64.ActiveCfg = Release|x64
		{C8DE0CD3-0698-4E11-A9B3-4C9757D4231F}.Release|x64.Build.0 = Release|x64
		{C8DE0CD3-0698-4E11-A9B3-4C9757D4231F}.Release|x64.Deploy.0 = Release|x64
		{C8DE0CD3-0698-4E11-A9B3-4C9757D4231F}.Release|x86.ActiveCfg = Release|x86
		{C8DE0CD3-0698-4E11-A9B3-4C9757D4231F}.Release|x86.Build.0 = Release|x86
		{C8DE0CD3-0698-4E11-A9B3-4C9757D4231F}.Release|x86.Deploy.0 = Release|x86
	EndGlobalSection
	GlobalSection(SolutionProperties) = preSolution
		HideSolutionNode = FALSE
	EndGlobalSection
EndGlobal
